Microsoft Visual Studio Solution File, Format Version 12.00
# Visual Studio 2013
VisualStudioVersion = 12.0.30110.0
MinimumVisualStudioVersion = 10.0.40219.1
Project("{2150E333-8FDC-42A3-9474-1A3956D46DE8}") = ".nuget", ".nuget", "{F42A48E6-42D1-4989-8ED9-F80C37D8A62D}"
	ProjectSection(SolutionItems) = preProject
		.nuget\NuGet.targets = .nuget\NuGet.targets
	EndProjectSection
EndProject
Project("{2150E333-8FDC-42A3-9474-1A3956D46DE8}") = "Docs", "Docs", "{870357DE-CA2C-4B2E-9AF2-3B822E26D57B}"
	ProjectSection(SolutionItems) = preProject
		_Internal\__Notes.txt = _Internal\__Notes.txt
		Metadata.ideas.txt = Metadata.ideas.txt
	EndProjectSection
EndProject
Project("{2150E333-8FDC-42A3-9474-1A3956D46DE8}") = "Solution Items", "Solution Items", "{AAD6F7A0-766C-468C-9F89-6A53CEC59350}"
EndProject
Project("{FAE04EC0-301F-11D3-BF4B-00C04F79EFBC}") = "Breeze.Client", "Breeze.Client\Breeze.Client.csproj", "{9BDE026E-CE0A-42F1-A508-4BE30124DD67}"
EndProject
Project("{FAE04EC0-301F-11D3-BF4B-00C04F79EFBC}") = "Breeze.NetClient", "Breeze.NetClient\Breeze.NetClient.csproj", "{54B1CE10-2847-4565-839A-26DA3A51AF38}"
EndProject
Project("{FAE04EC0-301F-11D3-BF4B-00C04F79EFBC}") = "Breeze.NetClient.Test", "Test_NetClient\Breeze.NetClient.Test.csproj", "{6CD50150-C95F-4E6C-BE8C-F1C94453D8D0}"
EndProject
Project("{FAE04EC0-301F-11D3-BF4B-00C04F79EFBC}") = "Sample_WPF.EF6", "Sample_WPF.EF6\Sample_WPF.EF6.csproj", "{B23D0952-67BD-4536-9705-B987B5FD754A}"
EndProject
Project("{FAE04EC0-301F-11D3-BF4B-00C04F79EFBC}") = "Model_Northwind_NetClient", "_Internal\Model_Northwind_NetClient\Model_Northwind_NetClient.csproj", "{AFBEDE2C-1937-4A3A-88A1-046973D969E5}"
EndProject
Global
	GlobalSection(SolutionConfigurationPlatforms) = preSolution
		Debug|Any CPU = Debug|Any CPU
		Debug|Mixed Platforms = Debug|Mixed Platforms
		Debug|x86 = Debug|x86
		Debug-ODATA|Any CPU = Debug-ODATA|Any CPU
		Debug-ODATA|Mixed Platforms = Debug-ODATA|Mixed Platforms
		Debug-ODATA|x86 = Debug-ODATA|x86
		Release|Any CPU = Release|Any CPU
		Release|Mixed Platforms = Release|Mixed Platforms
		Release|x86 = Release|x86
	EndGlobalSection
	GlobalSection(ProjectConfigurationPlatforms) = postSolution
		{9BDE026E-CE0A-42F1-A508-4BE30124DD67}.Debug|Any CPU.ActiveCfg = Debug|x86
		{9BDE026E-CE0A-42F1-A508-4BE30124DD67}.Debug|Mixed Platforms.ActiveCfg = Debug|x86
		{9BDE026E-CE0A-42F1-A508-4BE30124DD67}.Debug|Mixed Platforms.Build.0 = Debug|x86
		{9BDE026E-CE0A-42F1-A508-4BE30124DD67}.Debug|x86.ActiveCfg = Debug|x86
		{9BDE026E-CE0A-42F1-A508-4BE30124DD67}.Debug|x86.Build.0 = Debug|x86
		{9BDE026E-CE0A-42F1-A508-4BE30124DD67}.Debug-ODATA|Any CPU.ActiveCfg = OData-debug|x86
		{9BDE026E-CE0A-42F1-A508-4BE30124DD67}.Debug-ODATA|Mixed Platforms.ActiveCfg = OData-debug|x86
		{9BDE026E-CE0A-42F1-A508-4BE30124DD67}.Debug-ODATA|Mixed Platforms.Build.0 = OData-debug|x86
		{9BDE026E-CE0A-42F1-A508-4BE30124DD67}.Debug-ODATA|x86.ActiveCfg = OData-debug|x86
		{9BDE026E-CE0A-42F1-A508-4BE30124DD67}.Debug-ODATA|x86.Build.0 = OData-debug|x86
		{9BDE026E-CE0A-42F1-A508-4BE30124DD67}.Release|Any CPU.ActiveCfg = Release|x86
		{9BDE026E-CE0A-42F1-A508-4BE30124DD67}.Release|Mixed Platforms.ActiveCfg = Release|x86
		{9BDE026E-CE0A-42F1-A508-4BE30124DD67}.Release|Mixed Platforms.Build.0 = Release|x86
		{9BDE026E-CE0A-42F1-A508-4BE30124DD67}.Release|x86.ActiveCfg = Release|x86
		{9BDE026E-CE0A-42F1-A508-4BE30124DD67}.Release|x86.Build.0 = Release|x86
		{54B1CE10-2847-4565-839A-26DA3A51AF38}.Debug|Any CPU.ActiveCfg = Debug|Any CPU
		{54B1CE10-2847-4565-839A-26DA3A51AF38}.Debug|Any CPU.Build.0 = Debug|Any CPU
		{54B1CE10-2847-4565-839A-26DA3A51AF38}.Debug|Mixed Platforms.ActiveCfg = Debug|Any CPU
		{54B1CE10-2847-4565-839A-26DA3A51AF38}.Debug|Mixed Platforms.Build.0 = Debug|Any CPU
		{54B1CE10-2847-4565-839A-26DA3A51AF38}.Debug|x86.ActiveCfg = Debug|Any CPU
		{54B1CE10-2847-4565-839A-26DA3A51AF38}.Debug-ODATA|Any CPU.ActiveCfg = Debug|Any CPU
		{54B1CE10-2847-4565-839A-26DA3A51AF38}.Debug-ODATA|Any CPU.Build.0 = Debug|Any CPU
		{54B1CE10-2847-4565-839A-26DA3A51AF38}.Debug-ODATA|Mixed Platforms.ActiveCfg = Debug|Any CPU
		{54B1CE10-2847-4565-839A-26DA3A51AF38}.Debug-ODATA|Mixed Platforms.Build.0 = Debug|Any CPU
		{54B1CE10-2847-4565-839A-26DA3A51AF38}.Debug-ODATA|x86.ActiveCfg = Debug|Any CPU
		{54B1CE10-2847-4565-839A-26DA3A51AF38}.Release|Any CPU.ActiveCfg = Release|Any CPU
		{54B1CE10-2847-4565-839A-26DA3A51AF38}.Release|Any CPU.Build.0 = Release|Any CPU
		{54B1CE10-2847-4565-839A-26DA3A51AF38}.Release|Mixed Platforms.ActiveCfg = Release|Any CPU
		{54B1CE10-2847-4565-839A-26DA3A51AF38}.Release|Mixed Platforms.Build.0 = Release|Any CPU
		{54B1CE10-2847-4565-839A-26DA3A51AF38}.Release|x86.ActiveCfg = Release|Any CPU
		{6CD50150-C95F-4E6C-BE8C-F1C94453D8D0}.Debug|Any CPU.ActiveCfg = Debug|Any CPU
		{6CD50150-C95F-4E6C-BE8C-F1C94453D8D0}.Debug|Any CPU.Build.0 = Debug|Any CPU
		{6CD50150-C95F-4E6C-BE8C-F1C94453D8D0}.Debug|Mixed Platforms.ActiveCfg = Debug|Any CPU
		{6CD50150-C95F-4E6C-BE8C-F1C94453D8D0}.Debug|Mixed Platforms.Build.0 = Debug|Any CPU
		{6CD50150-C95F-4E6C-BE8C-F1C94453D8D0}.Debug|x86.ActiveCfg = Debug|Any CPU
		{6CD50150-C95F-4E6C-BE8C-F1C94453D8D0}.Debug-ODATA|Any CPU.ActiveCfg = Debug|Any CPU
		{6CD50150-C95F-4E6C-BE8C-F1C94453D8D0}.Debug-ODATA|Any CPU.Build.0 = Debug|Any CPU
		{6CD50150-C95F-4E6C-BE8C-F1C94453D8D0}.Debug-ODATA|Mixed Platforms.ActiveCfg = Debug|Any CPU
		{6CD50150-C95F-4E6C-BE8C-F1C94453D8D0}.Debug-ODATA|Mixed Platforms.Build.0 = Debug|Any CPU
		{6CD50150-C95F-4E6C-BE8C-F1C94453D8D0}.Debug-ODATA|x86.ActiveCfg = Debug|Any CPU
		{6CD50150-C95F-4E6C-BE8C-F1C94453D8D0}.Release|Any CPU.ActiveCfg = Release|Any CPU
		{6CD50150-C95F-4E6C-BE8C-F1C94453D8D0}.Release|Any CPU.Build.0 = Release|Any CPU
		{6CD50150-C95F-4E6C-BE8C-F1C94453D8D0}.Release|Mixed Platforms.ActiveCfg = Release|Any CPU
		{6CD50150-C95F-4E6C-BE8C-F1C94453D8D0}.Release|Mixed Platforms.Build.0 = Release|Any CPU
		{6CD50150-C95F-4E6C-BE8C-F1C94453D8D0}.Release|x86.ActiveCfg = Release|Any CPU
		{B23D0952-67BD-4536-9705-B987B5FD754A}.Debug|Any CPU.ActiveCfg = Debug|Any CPU
		{B23D0952-67BD-4536-9705-B987B5FD754A}.Debug|Any CPU.Build.0 = Debug|Any CPU
		{B23D0952-67BD-4536-9705-B987B5FD754A}.Debug|Mixed Platforms.ActiveCfg = Debug|Any CPU
		{B23D0952-67BD-4536-9705-B987B5FD754A}.Debug|Mixed Platforms.Build.0 = Debug|Any CPU
		{B23D0952-67BD-4536-9705-B987B5FD754A}.Debug|x86.ActiveCfg = Debug|Any CPU
		{B23D0952-67BD-4536-9705-B987B5FD754A}.Debug-ODATA|Any CPU.ActiveCfg = Debug|Any CPU
		{B23D0952-67BD-4536-9705-B987B5FD754A}.Debug-ODATA|Any CPU.Build.0 = Debug|Any CPU
		{B23D0952-67BD-4536-9705-B987B5FD754A}.Debug-ODATA|Mixed Platforms.ActiveCfg = Debug|Any CPU
		{B23D0952-67BD-4536-9705-B987B5FD754A}.Debug-ODATA|Mixed Platforms.Build.0 = Debug|Any CPU
		{B23D0952-67BD-4536-9705-B987B5FD754A}.Debug-ODATA|x86.ActiveCfg = Debug|Any CPU
		{B23D0952-67BD-4536-9705-B987B5FD754A}.Release|Any CPU.ActiveCfg = Release|Any CPU
		{B23D0952-67BD-4536-9705-B987B5FD754A}.Release|Any CPU.Build.0 = Release|Any CPU
		{B23D0952-67BD-4536-9705-B987B5FD754A}.Release|Mixed Platforms.ActiveCfg = Release|Any CPU
		{B23D0952-67BD-4536-9705-B987B5FD754A}.Release|Mixed Platforms.Build.0 = Release|Any CPU
		{B23D0952-67BD-4536-9705-B987B5FD754A}.Release|x86.ActiveCfg = Release|Any CPU
		{AFBEDE2C-1937-4A3A-88A1-046973D969E5}.Debug|Any CPU.ActiveCfg = Debug|Any CPU
		{AFBEDE2C-1937-4A3A-88A1-046973D969E5}.Debug|Any CPU.Build.0 = Debug|Any CPU
		{AFBEDE2C-1937-4A3A-88A1-046973D969E5}.Debug|Mixed Platforms.ActiveCfg = Debug|Any CPU
		{AFBEDE2C-1937-4A3A-88A1-046973D969E5}.Debug|Mixed Platforms.Build.0 = Debug|Any CPU
		{AFBEDE2C-1937-4A3A-88A1-046973D969E5}.Debug|x86.ActiveCfg = Debug|Any CPU
		{AFBEDE2C-1937-4A3A-88A1-046973D969E5}.Debug-ODATA|Any CPU.ActiveCfg = Debug|Any CPU
		{AFBEDE2C-1937-4A3A-88A1-046973D969E5}.Debug-ODATA|Any CPU.Build.0 = Debug|Any CPU
		{AFBEDE2C-1937-4A3A-88A1-046973D969E5}.Debug-ODATA|Mixed Platforms.ActiveCfg = Debug|Any CPU
		{AFBEDE2C-1937-4A3A-88A1-046973D969E5}.Debug-ODATA|Mixed Platforms.Build.0 = Debug|Any CPU
		{AFBEDE2C-1937-4A3A-88A1-046973D969E5}.Debug-ODATA|x86.ActiveCfg = Debug|Any CPU
		{AFBEDE2C-1937-4A3A-88A1-046973D969E5}.Release|Any CPU.ActiveCfg = Release|Any CPU
		{AFBEDE2C-1937-4A3A-88A1-046973D969E5}.Release|Any CPU.Build.0 = Release|Any CPU
		{AFBEDE2C-1937-4A3A-88A1-046973D969E5}.Release|Mixed Platforms.ActiveCfg = Release|Any CPU
		{AFBEDE2C-1937-4A3A-88A1-046973D969E5}.Release|Mixed Platforms.Build.0 = Release|Any CPU
		{AFBEDE2C-1937-4A3A-88A1-046973D969E5}.Release|x86.ActiveCfg = Release|Any CPU
	EndGlobalSection
	GlobalSection(SolutionProperties) = preSolution
		HideSolutionNode = FALSE
	EndGlobalSection
	GlobalSection(TestCaseManagementSettings) = postSolution
		CategoryFile = Breeze.vsmdi
	EndGlobalSection
EndGlobal
