
Microsoft Visual Studio Solution File, Format Version 11.00
# Visual Studio 2011
Project("{FAE04EC0-301F-11D3-BF4B-00C04F79EFBC}") = "Breeze.Learn", "Breeze.Learn\Breeze.Learn.csproj", "{58E17D85-6595-4136-AEBD-F649333698FB}"
EndProject
Project("{2150E333-8FDC-42A3-9474-1A3956D46DE8}") = ".nuget", ".nuget", "{78A888E2-51D4-4D60-B805-751EF6933D3B}"
	ProjectSection(SolutionItems) = preProject
		.nuget\NuGet.Config = .nuget\NuGet.Config
		.nuget\NuGet.exe = .nuget\NuGet.exe
		.nuget\NuGet.targets = .nuget\NuGet.targets
	EndProjectSection
EndProject
Global
	GlobalSection(SolutionConfigurationPlatforms) = preSolution
		Debug|Any CPU = Debug|Any CPU
		Release|Any CPU = Release|Any CPU
	EndGlobalSection
	GlobalSection(ProjectConfigurationPlatforms) = postSolution
		{58E17D85-6595-4136-AEBD-F649333698FB}.Debug|Any CPU.ActiveCfg = Debug|Any CPU
		{58E17D85-6595-4136-AEBD-F649333698FB}.Debug|Any CPU.Build.0 = Debug|Any CPU
		{58E17D85-6595-4136-AEBD-F649333698FB}.Release|Any CPU.ActiveCfg = Release|Any CPU
		{58E17D85-6595-4136-AEBD-F649333698FB}.Release|Any CPU.Build.0 = Release|Any CPU
	EndGlobalSection
	GlobalSection(SolutionProperties) = preSolution
		HideSolutionNode = FALSE
	EndGlobalSection
EndGlobal
