
Microsoft Visual Studio Solution File, Format Version 12.00
# Visual Studio 2012
Project("{FAE04EC0-301F-11D3-BF4B-00C04F79EFBC}") = "TempHire", "TempHire\TempHire.csproj", "{E82547C1-5104-49C7-8D6E-F32A4D82F2CB}"
EndProject
Project("{2150E333-8FDC-42A3-9474-1A3956D46DE8}") = ".nuget", ".nuget", "{19FC1071-BF7D-41DE-A4E1-E1A8EE9BBABE}"
	ProjectSection(SolutionItems) = preProject
		.nuget\NuGet.Config = .nuget\NuGet.Config
		.nuget\NuGet.exe = .nuget\NuGet.exe
		.nuget\NuGet.targets = .nuget\NuGet.targets
	EndProjectSection
EndProject
Project("{FAE04EC0-301F-11D3-BF4B-00C04F79EFBC}") = "DomainModel", "DomainModel\DomainModel.csproj", "{58F6DA15-8C8C-4FC0-A277-A6FFCDEDBF24}"
EndProject
Global
	GlobalSection(SolutionConfigurationPlatforms) = preSolution
		Debug|Any CPU = Debug|Any CPU
		Demo|Any CPU = Demo|Any CPU
		Fakestore|Any CPU = Fakestore|Any CPU
		Release|Any CPU = Release|Any CPU
	EndGlobalSection
	GlobalSection(ProjectConfigurationPlatforms) = postSolution
		{E82547C1-5104-49C7-8D6E-F32A4D82F2CB}.Debug|Any CPU.ActiveCfg = Debug|Any CPU
		{E82547C1-5104-49C7-8D6E-F32A4D82F2CB}.Debug|Any CPU.Build.0 = Debug|Any CPU
		{E82547C1-5104-49C7-8D6E-F32A4D82F2CB}.Demo|Any CPU.ActiveCfg = Debug|Any CPU
		{E82547C1-5104-49C7-8D6E-F32A4D82F2CB}.Demo|Any CPU.Build.0 = Debug|Any CPU
		{E82547C1-5104-49C7-8D6E-F32A4D82F2CB}.Fakestore|Any CPU.ActiveCfg = Release|Any CPU
		{E82547C1-5104-49C7-8D6E-F32A4D82F2CB}.Fakestore|Any CPU.Build.0 = Release|Any CPU
		{E82547C1-5104-49C7-8D6E-F32A4D82F2CB}.Release|Any CPU.ActiveCfg = Release|Any CPU
		{E82547C1-5104-49C7-8D6E-F32A4D82F2CB}.Release|Any CPU.Build.0 = Release|Any CPU
		{58F6DA15-8C8C-4FC0-A277-A6FFCDEDBF24}.Debug|Any CPU.ActiveCfg = Debug|Any CPU
		{58F6DA15-8C8C-4FC0-A277-A6FFCDEDBF24}.Debug|Any CPU.Build.0 = Debug|Any CPU
		{58F6DA15-8C8C-4FC0-A277-A6FFCDEDBF24}.Demo|Any CPU.ActiveCfg = Demo|Any CPU
		{58F6DA15-8C8C-4FC0-A277-A6FFCDEDBF24}.Demo|Any CPU.Build.0 = Demo|Any CPU
		{58F6DA15-8C8C-4FC0-A277-A6FFCDEDBF24}.Fakestore|Any CPU.ActiveCfg = Fakestore|Any CPU
		{58F6DA15-8C8C-4FC0-A277-A6FFCDEDBF24}.Fakestore|Any CPU.Build.0 = Fakestore|Any CPU
		{58F6DA15-8C8C-4FC0-A277-A6FFCDEDBF24}.Release|Any CPU.ActiveCfg = Release|Any CPU
		{58F6DA15-8C8C-4FC0-A277-A6FFCDEDBF24}.Release|Any CPU.Build.0 = Release|Any CPU
	EndGlobalSection
	GlobalSection(SolutionProperties) = preSolution
		HideSolutionNode = FALSE
	EndGlobalSection
EndGlobal
