
Microsoft Visual Studio Solution File, Format Version 12.00
# Visual Studio 2012
Project("{FAE04EC0-301F-11D3-BF4B-00C04F79EFBC}") = "Zza", "Zza\Zza.csproj", "{483D2E59-DB17-40E4-969F-BC859B5A1614}"
EndProject
Project("{FAE04EC0-301F-11D3-BF4B-00C04F79EFBC}") = "Zza.Model", "Zza.Model\Zza.Model.csproj", "{AD7B32DE-5331-45B2-B9A5-9D26A2E8D8A5}"
EndProject
Global
	GlobalSection(SolutionConfigurationPlatforms) = preSolution
		Debug|Any CPU = Debug|Any CPU
		Release|Any CPU = Release|Any CPU
	EndGlobalSection
	GlobalSection(ProjectConfigurationPlatforms) = postSolution
		{483D2E59-DB17-40E4-969F-BC859B5A1614}.Debug|Any CPU.ActiveCfg = Debug|Any CPU
		{483D2E59-DB17-40E4-969F-BC859B5A1614}.Debug|Any CPU.Build.0 = Debug|Any CPU
		{483D2E59-DB17-40E4-969F-BC859B5A1614}.Release|Any CPU.ActiveCfg = Release|Any CPU
		{483D2E59-DB17-40E4-969F-BC859B5A1614}.Release|Any CPU.Build.0 = Release|Any CPU
		{AD7B32DE-5331-45B2-B9A5-9D26A2E8D8A5}.Debug|Any CPU.ActiveCfg = Debug|Any CPU
		{AD7B32DE-5331-45B2-B9A5-9D26A2E8D8A5}.Debug|Any CPU.Build.0 = Debug|Any CPU
		{AD7B32DE-5331-45B2-B9A5-9D26A2E8D8A5}.Release|Any CPU.ActiveCfg = Release|Any CPU
		{AD7B32DE-5331-45B2-B9A5-9D26A2E8D8A5}.Release|Any CPU.Build.0 = Release|Any CPU
	EndGlobalSection
	GlobalSection(SolutionProperties) = preSolution
		HideSolutionNode = FALSE
	EndGlobalSection
EndGlobal
