
Microsoft Visual Studio Solution File, Format Version 12.00
# Visual Studio 2012
Project("{FAE04EC0-301F-11D3-BF4B-00C04F79EFBC}") = "NorthBreeze", "NorthBreeze\NorthBreeze.csproj", "{B7155496-3C84-48B8-B6C0-176277ABB246}"
EndProject
Project("{FAE04EC0-301F-11D3-BF4B-00C04F79EFBC}") = "Model_NorthwindIB_NH", "Model_NorthwindIB_NH\Model_NorthwindIB_NH.csproj", "{AFC1C3A8-40D5-4DB3-82BE-19730091A4F2}"
EndProject
Global
	GlobalSection(SolutionConfigurationPlatforms) = preSolution
		Debug|Any CPU = Debug|Any CPU
		Release|Any CPU = Release|Any CPU
	EndGlobalSection
	GlobalSection(ProjectConfigurationPlatforms) = postSolution
		{B7155496-3C84-48B8-B6C0-176277ABB246}.Debug|Any CPU.ActiveCfg = Debug|Any CPU
		{B7155496-3C84-48B8-B6C0-176277ABB246}.Debug|Any CPU.Build.0 = Debug|Any CPU
		{B7155496-3C84-48B8-B6C0-176277ABB246}.Release|Any CPU.ActiveCfg = Release|Any CPU
		{B7155496-3C84-48B8-B6C0-176277ABB246}.Release|Any CPU.Build.0 = Release|Any CPU
		{AFC1C3A8-40D5-4DB3-82BE-19730091A4F2}.Debug|Any CPU.ActiveCfg = Debug|Any CPU
		{AFC1C3A8-40D5-4DB3-82BE-19730091A4F2}.Debug|Any CPU.Build.0 = Debug|Any CPU
		{AFC1C3A8-40D5-4DB3-82BE-19730091A4F2}.Release|Any CPU.ActiveCfg = Release|Any CPU
		{AFC1C3A8-40D5-4DB3-82BE-19730091A4F2}.Release|Any CPU.Build.0 = Release|Any CPU
	EndGlobalSection
	GlobalSection(SolutionProperties) = preSolution
		HideSolutionNode = FALSE
	EndGlobalSection
EndGlobal
